{
  "pins" : [
    {
      "identity" : "alamofire",
      "kind" : "remoteSourceControl",
      "location" : "https://github.com/Alamofire/Alamofire.git",
      "state" : {
        "revision" : "f455c2975872ccd2d9c81594c658af65716e9b9a",
        "version" : "5.9.1"
      }
    },
    {
      "identity" : "design-system",
      "kind" : "remoteSourceControl",
      "location" : "https://github.com/alfian0/Design-System.git",
      "state" : {
        "branch" : "main",
        "revision" : "fffbfeb8bb036022cfcf1d346770a650be3cc9a3"
      }
    },
    {
      "identity" : "sdwebimage",
      "kind" : "remoteSourceControl",
      "location" : "https://github.com/SDWebImage/SDWebImage.git",
      "state" : {
        "revision" : "be0bcd7823ce56629948491f2eaeaa19979514f7",
        "version" : "5.19.4"
      }
    },
    {
      "identity" : "sdwebimageswiftui",
      "kind" : "remoteSourceControl",
      "location" : "https://github.com/SDWebImage/SDWebImageSwiftUI.git",
      "state" : {
        "revision" : "53573d6dd017e354c0e7d8f1c86b77ef1383c996",
        "version" : "2.2.7"
      }
    },
    {
      "identity" : "swinject",
      "kind" : "remoteSourceControl",
      "location" : "https://github.com/Swinject/Swinject.git",
      "state" : {
        "revision" : "463cb2d659c8ae34899d18057ea5b1bb86fc3178",
        "version" : "2.8.4"
      }
    },
    {
      "identity" : "themoviedbcore",
      "kind" : "remoteSourceControl",
      "location" : "https://github.com/alfian0/TheMovieDBCore.git",
      "state" : {
        "branch" : "main",
        "revision" : "d59910917e41e986427c36d7c236f7a0c78daf0d"
      }
    }
  ],
  "version" : 2
}
